# THIS IS AN AUTOGENERATED FILE. DO NOT EDIT THIS FILE DIRECTLY.
# yarn lockfile v1


"@types/node@^8.0.51":
  version "8.0.51"
  resolved "https://registry.yarnpkg.com/@types/node/-/node-8.0.51.tgz#b31d716fb8d58eeb95c068a039b9b6292817d5fb"

immutable@^3.8.2:
  version "3.8.2"
  resolved "https://registry.yarnpkg.com/immutable/-/immutable-3.8.2.tgz#c2439951455bb39913daf281376f1530e104adf3"

typescript@^4.0.0-beta:
  version "4.0.0-beta"
  resolved "https://registry.yarnpkg.com/typescript/-/typescript-4.0.0-beta.tgz#a6a65e430562131de69496a3ef5484346bc0cdd2"
  integrity sha512-d3s/CogGtB2uPZ2Z8ts6eoUxxyB9PH3R27/UrzvpthuOvpCg4FWWnBbBiqJ0K4eu6eTlgmLiqQkh2dquReJweA==
